// !$*UTF8*$!
{
	archiveVersion = 1;
	classes = {
	};
	objectVersion = 56;
	objects = {

/* Begin PBXBuildFile section */
		8F3CE5102BB515C500BA7746 /* media_dumper.cpp in Sources */ = {isa = PBXBuildFile; fileRef = 8F3CE50E2BB515C500BA7746 /* media_dumper.cpp */; };
		8F3CE5112BB515C500BA7746 /* audio_helper.cpp in Sources */ = {isa = PBXBuildFile; fileRef = 8F3CE50F2BB515C500BA7746 /* audio_helper.cpp */; };
		8F3CE5152BB515D200BA7746 /* mod_opus.c in Sources */ = {isa = PBXBuildFile; fileRef = 8F3CE5142BB515D200BA7746 /* mod_opus.c */; };
		8FFCC4902BB5120B00EAA160 /* main.cpp in Sources */ = {isa = PBXBuildFile; fileRef = 8FFCC48F2BB5120B00EAA160 /* main.cpp */; };
		8FFD74672BB512F7000A6E22 /* libavcodec.60.31.102.dylib in Frameworks */ = {isa = PBXBuildFile; fileRef = 8FFD74662BB512F7000A6E22 /* libavcodec.60.31.102.dylib */; };
		8FFD746B2BB51311000A6E22 /* libavformat.60.16.100.dylib in Frameworks */ = {isa = PBXBuildFile; fileRef = 8FFD746A2BB51311000A6E22 /* libavformat.60.16.100.dylib */; };
		8FFD746F2BB51325000A6E22 /* libavutil.58.29.100.dylib in Frameworks */ = {isa = PBXBuildFile; fileRef = 8FFD746E2BB51325000A6E22 /* libavutil.58.29.100.dylib */; };
		8FFD74732BB51343000A6E22 /* libswresample.4.12.100.dylib in Frameworks */ = {isa = PBXBuildFile; fileRef = 8FFD74722BB51343000A6E22 /* libswresample.4.12.100.dylib */; };
		8FFD74772BB5135F000A6E22 /* libopus.0.dylib in Frameworks */ = {isa = PBXBuildFile; fileRef = 8FFD74762BB5135F000A6E22 /* libopus.0.dylib */; };
		8FFD747B2BB5137C000A6E22 /* librubberband.2.dylib in Frameworks */ = {isa = PBXBuildFile; fileRef = 8FFD747A2BB5137C000A6E22 /* librubberband.2.dylib */; };
/* End PBXBuildFile section */

/* Begin PBXCopyFilesBuildPhase section */
		8FFCC48A2BB5120B00EAA160 /* CopyFiles */ = {
			isa = PBXCopyFilesBuildPhase;
			buildActionMask = 2147483647;
			dstPath = /usr/share/man/man1/;
			dstSubfolderSpec = 0;
			files = (
			);
			runOnlyForDeploymentPostprocessing = 1;
		};
/* End PBXCopyFilesBuildPhase section */

/* Begin PBXFileReference section */
		8F3CE50C2BB515C500BA7746 /* audio_helper.hpp */ = {isa = PBXFileReference; fileEncoding = 4; lastKnownFileType = sourcecode.cpp.h; path = audio_helper.hpp; sourceTree = "<group>"; };
		8F3CE50D2BB515C500BA7746 /* media_dumper.hpp */ = {isa = PBXFileReference; fileEncoding = 4; lastKnownFileType = sourcecode.cpp.h; path = media_dumper.hpp; sourceTree = "<group>"; };
		8F3CE50E2BB515C500BA7746 /* media_dumper.cpp */ = {isa = PBXFileReference; fileEncoding = 4; lastKnownFileType = sourcecode.cpp.cpp; path = media_dumper.cpp; sourceTree = "<group>"; };
		8F3CE50F2BB515C500BA7746 /* audio_helper.cpp */ = {isa = PBXFileReference; fileEncoding = 4; lastKnownFileType = sourcecode.cpp.cpp; path = audio_helper.cpp; sourceTree = "<group>"; };
		8F3CE5132BB515D200BA7746 /* mod_opus.h */ = {isa = PBXFileReference; fileEncoding = 4; lastKnownFileType = sourcecode.c.h; path = mod_opus.h; sourceTree = "<group>"; };
		8F3CE5142BB515D200BA7746 /* mod_opus.c */ = {isa = PBXFileReference; fileEncoding = 4; lastKnownFileType = sourcecode.c.c; path = mod_opus.c; sourceTree = "<group>"; };
		8F3CE5162BB515E000BA7746 /* tlv_reader.hpp */ = {isa = PBXFileReference; fileEncoding = 4; lastKnownFileType = sourcecode.cpp.h; path = tlv_reader.hpp; sourceTree = "<group>"; };
		8FFCC48C2BB5120B00EAA160 /* avtool */ = {isa = PBXFileReference; explicitFileType = "compiled.mach-o.executable"; includeInIndex = 0; path = avtool; sourceTree = BUILT_PRODUCTS_DIR; };
		8FFCC48F2BB5120B00EAA160 /* main.cpp */ = {isa = PBXFileReference; lastKnownFileType = sourcecode.cpp.cpp; path = main.cpp; sourceTree = "<group>"; };
		8FFD74662BB512F7000A6E22 /* libavcodec.60.31.102.dylib */ = {isa = PBXFileReference; lastKnownFileType = "compiled.mach-o.dylib"; name = libavcodec.60.31.102.dylib; path = /opt/homebrew/Cellar/ffmpeg/6.1.1_6/lib/libavcodec.60.31.102.dylib; sourceTree = "<group>"; };
		8FFD746A2BB51311000A6E22 /* libavformat.60.16.100.dylib */ = {isa = PBXFileReference; lastKnownFileType = "compiled.mach-o.dylib"; name = libavformat.60.16.100.dylib; path = /opt/homebrew/Cellar/ffmpeg/6.1.1_6/lib/libavformat.60.16.100.dylib; sourceTree = "<group>"; };
		8FFD746E2BB51325000A6E22 /* libavutil.58.29.100.dylib */ = {isa = PBXFileReference; lastKnownFileType = "compiled.mach-o.dylib"; name = libavutil.58.29.100.dylib; path = /opt/homebrew/Cellar/ffmpeg/6.1.1_6/lib/libavutil.58.29.100.dylib; sourceTree = "<group>"; };
		8FFD74722BB51343000A6E22 /* libswresample.4.12.100.dylib */ = {isa = PBXFileReference; lastKnownFileType = "compiled.mach-o.dylib"; name = libswresample.4.12.100.dylib; path = /opt/homebrew/Cellar/ffmpeg/6.1.1_6/lib/libswresample.4.12.100.dylib; sourceTree = "<group>"; };
		8FFD74762BB5135F000A6E22 /* libopus.0.dylib */ = {isa = PBXFileReference; lastKnownFileType = "compiled.mach-o.dylib"; name = libopus.0.dylib; path = /opt/homebrew/Cellar/opus/1.5.1/lib/libopus.0.dylib; sourceTree = "<group>"; };
		8FFD747A2BB5137C000A6E22 /* librubberband.2.dylib */ = {isa = PBXFileReference; lastKnownFileType = "compiled.mach-o.dylib"; name = librubberband.2.dylib; path = /opt/homebrew/Cellar/rubberband/3.3.0/lib/librubberband.2.dylib; sourceTree = "<group>"; };
/* End PBXFileReference section */

/* Begin PBXFrameworksBuildPhase section */
		8FFCC4892BB5120B00EAA160 /* Frameworks */ = {
			isa = PBXFrameworksBuildPhase;
			buildActionMask = 2147483647;
			files = (
				8FFD74672BB512F7000A6E22 /* libavcodec.60.31.102.dylib in Frameworks */,
				8FFD746B2BB51311000A6E22 /* libavformat.60.16.100.dylib in Frameworks */,
				8FFD746F2BB51325000A6E22 /* libavutil.58.29.100.dylib in Frameworks */,
				8FFD74772BB5135F000A6E22 /* libopus.0.dylib in Frameworks */,
				8FFD747B2BB5137C000A6E22 /* librubberband.2.dylib in Frameworks */,
				8FFD74732BB51343000A6E22 /* libswresample.4.12.100.dylib in Frameworks */,
			);
			runOnlyForDeploymentPostprocessing = 0;
		};
/* End PBXFrameworksBuildPhase section */

/* Begin PBXGroup section */
		8F3CE50B2BB515C500BA7746 /* avtool */ = {
			isa = PBXGroup;
			children = (
				8F3CE50F2BB515C500BA7746 /* audio_helper.cpp */,
				8F3CE50C2BB515C500BA7746 /* audio_helper.hpp */,
				8F3CE50E2BB515C500BA7746 /* media_dumper.cpp */,
				8F3CE50D2BB515C500BA7746 /* media_dumper.hpp */,
			);
			path = avtool;
			sourceTree = "<group>";
		};
		8F3CE5122BB515D200BA7746 /* mod_opus */ = {
			isa = PBXGroup;
			children = (
				8F3CE5142BB515D200BA7746 /* mod_opus.c */,
				8F3CE5132BB515D200BA7746 /* mod_opus.h */,
			);
			path = mod_opus;
			sourceTree = "<group>";
		};
		8FFCC4832BB5120B00EAA160 = {
			isa = PBXGroup;
			children = (
				8FFCC48E2BB5120B00EAA160 /* avtool */,
				8FFCC48D2BB5120B00EAA160 /* Products */,
				8FFD74652BB512F7000A6E22 /* Frameworks */,
			);
			sourceTree = "<group>";
		};
		8FFCC48D2BB5120B00EAA160 /* Products */ = {
			isa = PBXGroup;
			children = (
				8FFCC48C2BB5120B00EAA160 /* avtool */,
			);
			name = Products;
			sourceTree = "<group>";
		};
		8FFCC48E2BB5120B00EAA160 /* avtool */ = {
			isa = PBXGroup;
			children = (
				8F3CE50B2BB515C500BA7746 /* avtool */,
				8F3CE5122BB515D200BA7746 /* mod_opus */,
				8F3CE5162BB515E000BA7746 /* tlv_reader.hpp */,
				8FFCC48F2BB5120B00EAA160 /* main.cpp */,
			);
			path = avtool;
			sourceTree = "<group>";
		};
		8FFD74652BB512F7000A6E22 /* Frameworks */ = {
			isa = PBXGroup;
			children = (
				8FFD747A2BB5137C000A6E22 /* librubberband.2.dylib */,
				8FFD74762BB5135F000A6E22 /* libopus.0.dylib */,
				8FFD74722BB51343000A6E22 /* libswresample.4.12.100.dylib */,
				8FFD746E2BB51325000A6E22 /* libavutil.58.29.100.dylib */,
				8FFD746A2BB51311000A6E22 /* libavformat.60.16.100.dylib */,
				8FFD74662BB512F7000A6E22 /* libavcodec.60.31.102.dylib */,
			);
			name = Frameworks;
			sourceTree = "<group>";
		};
/* End PBXGroup section */

/* Begin PBXNativeTarget section */
		8FFCC48B2BB5120B00EAA160 /* avtool */ = {
			isa = PBXNativeTarget;
			buildConfigurationList = 8FFCC4932BB5120B00EAA160 /* Build configuration list for PBXNativeTarget "avtool" */;
			buildPhases = (
				8FFCC4882BB5120B00EAA160 /* Sources */,
				8FFCC4892BB5120B00EAA160 /* Frameworks */,
				8FFCC48A2BB5120B00EAA160 /* CopyFiles */,
			);
			buildRules = (
			);
			dependencies = (
			);
			name = avtool;
			productName = avtool;
			productReference = 8FFCC48C2BB5120B00EAA160 /* avtool */;
			productType = "com.apple.product-type.tool";
		};
/* End PBXNativeTarget section */

/* Begin PBXProject section */
		8FFCC4842BB5120B00EAA160 /* Project object */ = {
			isa = PBXProject;
			attributes = {
				BuildIndependentTargetsInParallel = 1;
				LastUpgradeCheck = 1520;
				TargetAttributes = {
					8FFCC48B2BB5120B00EAA160 = {
						CreatedOnToolsVersion = 15.2;
					};
				};
			};
			buildConfigurationList = 8FFCC4872BB5120B00EAA160 /* Build configuration list for PBXProject "avtool" */;
			compatibilityVersion = "Xcode 14.0";
			developmentRegion = en;
			hasScannedForEncodings = 0;
			knownRegions = (
				en,
				Base,
			);
			mainGroup = 8FFCC4832BB5120B00EAA160;
			productRefGroup = 8FFCC48D2BB5120B00EAA160 /* Products */;
			projectDirPath = "";
			projectRoot = "";
			targets = (
				8FFCC48B2BB5120B00EAA160 /* avtool */,
			);
		};
/* End PBXProject section */

/* Begin PBXSourcesBuildPhase section */
		8FFCC4882BB5120B00EAA160 /* Sources */ = {
			isa = PBXSourcesBuildPhase;
			buildActionMask = 2147483647;
			files = (
				8FFCC4902BB5120B00EAA160 /* main.cpp in Sources */,
				8F3CE5152BB515D200BA7746 /* mod_opus.c in Sources */,
				8F3CE5102BB515C500BA7746 /* media_dumper.cpp in Sources */,
				8F3CE5112BB515C500BA7746 /* audio_helper.cpp in Sources */,
			);
			runOnlyForDeploymentPostprocessing = 0;
		};
/* End PBXSourcesBuildPhase section */

/* Begin XCBuildConfiguration section */
		8FFCC4912BB5120B00EAA160 /* Debug */ = {
			isa = XCBuildConfiguration;
			buildSettings = {
				ALWAYS_SEARCH_USER_PATHS = NO;
				ASSETCATALOG_COMPILER_GENERATE_SWIFT_ASSET_SYMBOL_EXTENSIONS = YES;
				CLANG_ANALYZER_NONNULL = YES;
				CLANG_ANALYZER_NUMBER_OBJECT_CONVERSION = YES_AGGRESSIVE;
				CLANG_CXX_LANGUAGE_STANDARD = "gnu++20";
				CLANG_ENABLE_MODULES = YES;
				CLANG_ENABLE_OBJC_ARC = YES;
				CLANG_ENABLE_OBJC_WEAK = YES;
				CLANG_WARN_BLOCK_CAPTURE_AUTORELEASING = YES;
				CLANG_WARN_BOOL_CONVERSION = YES;
				CLANG_WARN_COMMA = YES;
				CLANG_WARN_CONSTANT_CONVERSION = YES;
				CLANG_WARN_DEPRECATED_OBJC_IMPLEMENTATIONS = YES;
				CLANG_WARN_DIRECT_OBJC_ISA_USAGE = YES_ERROR;
				CLANG_WARN_DOCUMENTATION_COMMENTS = YES;
				CLANG_WARN_EMPTY_BODY = YES;
				CLANG_WARN_ENUM_CONVERSION = YES;
				CLANG_WARN_INFINITE_RECURSION = YES;
				CLANG_WARN_INT_CONVERSION = YES;
				CLANG_WARN_NON_LITERAL_NULL_CONVERSION = YES;
				CLANG_WARN_OBJC_IMPLICIT_RETAIN_SELF = YES;
				CLANG_WARN_OBJC_LITERAL_CONVERSION = YES;
				CLANG_WARN_OBJC_ROOT_CLASS = YES_ERROR;
				CLANG_WARN_QUOTED_INCLUDE_IN_FRAMEWORK_HEADER = YES;
				CLANG_WARN_RANGE_LOOP_ANALYSIS = YES;
				CLANG_WARN_STRICT_PROTOTYPES = YES;
				CLANG_WARN_SUSPICIOUS_MOVE = YES;
				CLANG_WARN_UNGUARDED_AVAILABILITY = YES_AGGRESSIVE;
				CLANG_WARN_UNREACHABLE_CODE = YES;
				CLANG_WARN__DUPLICATE_METHOD_MATCH = YES;
				COPY_PHASE_STRIP = NO;
				DEBUG_INFORMATION_FORMAT = dwarf;
				ENABLE_STRICT_OBJC_MSGSEND = YES;
				ENABLE_TESTABILITY = YES;
				ENABLE_USER_SCRIPT_SANDBOXING = YES;
				GCC_C_LANGUAGE_STANDARD = gnu17;
				GCC_DYNAMIC_NO_PIC = NO;
				GCC_NO_COMMON_BLOCKS = YES;
				GCC_OPTIMIZATION_LEVEL = 0;
				GCC_PREPROCESSOR_DEFINITIONS = (
					"DEBUG=1",
					"$(inherited)",
				);
				GCC_WARN_64_TO_32_BIT_CONVERSION = YES;
				GCC_WARN_ABOUT_RETURN_TYPE = YES_ERROR;
				GCC_WARN_UNDECLARED_SELECTOR = YES;
				GCC_WARN_UNINITIALIZED_AUTOS = YES_AGGRESSIVE;
				GCC_WARN_UNUSED_FUNCTION = YES;
				GCC_WARN_UNUSED_VARIABLE = YES;
				LOCALIZATION_PREFERS_STRING_CATALOGS = YES;
				MACOSX_DEPLOYMENT_TARGET = 13.6;
				MTL_ENABLE_DEBUG_INFO = INCLUDE_SOURCE;
				MTL_FAST_MATH = YES;
				ONLY_ACTIVE_ARCH = YES;
				SDKROOT = macosx;
			};
			name = Debug;
		};
		8FFCC4922BB5120B00EAA160 /* Release */ = {
			isa = XCBuildConfiguration;
			buildSettings = {
				ALWAYS_SEARCH_USER_PATHS = NO;
				ASSETCATALOG_COMPILER_GENERATE_SWIFT_ASSET_SYMBOL_EXTENSIONS = YES;
				CLANG_ANALYZER_NONNULL = YES;
				CLANG_ANALYZER_NUMBER_OBJECT_CONVERSION = YES_AGGRESSIVE;
				CLANG_CXX_LANGUAGE_STANDARD = "gnu++20";
				CLANG_ENABLE_MODULES = YES;
				CLANG_ENABLE_OBJC_ARC = YES;
				CLANG_ENABLE_OBJC_WEAK = YES;
				CLANG_WARN_BLOCK_CAPTURE_AUTORELEASING = YES;
				CLANG_WARN_BOOL_CONVERSION = YES;
				CLANG_WARN_COMMA = YES;
				CLANG_WARN_CONSTANT_CONVERSION = YES;
				CLANG_WARN_DEPRECATED_OBJC_IMPLEMENTATIONS = YES;
				CLANG_WARN_DIRECT_OBJC_ISA_USAGE = YES_ERROR;
				CLANG_WARN_DOCUMENTATION_COMMENTS = YES;
				CLANG_WARN_EMPTY_BODY = YES;
				CLANG_WARN_ENUM_CONVERSION = YES;
				CLANG_WARN_INFINITE_RECURSION = YES;
				CLANG_WARN_INT_CONVERSION = YES;
				CLANG_WARN_NON_LITERAL_NULL_CONVERSION = YES;
				CLANG_WARN_OBJC_IMPLICIT_RETAIN_SELF = YES;
				CLANG_WARN_OBJC_LITERAL_CONVERSION = YES;
				CLANG_WARN_OBJC_ROOT_CLASS = YES_ERROR;
				CLANG_WARN_QUOTED_INCLUDE_IN_FRAMEWORK_HEADER = YES;
				CLANG_WARN_RANGE_LOOP_ANALYSIS = YES;
				CLANG_WARN_STRICT_PROTOTYPES = YES;
				CLANG_WARN_SUSPICIOUS_MOVE = YES;
				CLANG_WARN_UNGUARDED_AVAILABILITY = YES_AGGRESSIVE;
				CLANG_WARN_UNREACHABLE_CODE = YES;
				CLANG_WARN__DUPLICATE_METHOD_MATCH = YES;
				COPY_PHASE_STRIP = NO;
				DEBUG_INFORMATION_FORMAT = "dwarf-with-dsym";
				ENABLE_NS_ASSERTIONS = NO;
				ENABLE_STRICT_OBJC_MSGSEND = YES;
				ENABLE_USER_SCRIPT_SANDBOXING = YES;
				GCC_C_LANGUAGE_STANDARD = gnu17;
				GCC_NO_COMMON_BLOCKS = YES;
				GCC_WARN_64_TO_32_BIT_CONVERSION = YES;
				GCC_WARN_ABOUT_RETURN_TYPE = YES_ERROR;
				GCC_WARN_UNDECLARED_SELECTOR = YES;
				GCC_WARN_UNINITIALIZED_AUTOS = YES_AGGRESSIVE;
				GCC_WARN_UNUSED_FUNCTION = YES;
				GCC_WARN_UNUSED_VARIABLE = YES;
				LOCALIZATION_PREFERS_STRING_CATALOGS = YES;
				MACOSX_DEPLOYMENT_TARGET = 13.6;
				MTL_ENABLE_DEBUG_INFO = NO;
				MTL_FAST_MATH = YES;
				SDKROOT = macosx;
			};
			name = Release;
		};
		8FFCC4942BB5120B00EAA160 /* Debug */ = {
			isa = XCBuildConfiguration;
			buildSettings = {
				CODE_SIGN_STYLE = Automatic;
				HEADER_SEARCH_PATHS = (
					/opt/homebrew/Cellar/ffmpeg/6.1.1_6/include,
					/opt/homebrew/Cellar/opus/1.5.1/include,
					/opt/homebrew/Cellar/rubberband/3.3.0/include,
				);
				LIBRARY_SEARCH_PATHS = (
					"$(inherited)",
					/opt/homebrew/Cellar/ffmpeg/6.1.1_6/lib,
					/opt/homebrew/Cellar/opus/1.5.1/lib,
					/opt/homebrew/Cellar/rubberband/3.3.0/lib,
				);
				PRODUCT_NAME = "$(TARGET_NAME)";
			};
			name = Debug;
		};
		8FFCC4952BB5120B00EAA160 /* Release */ = {
			isa = XCBuildConfiguration;
			buildSettings = {
				CODE_SIGN_STYLE = Automatic;
				HEADER_SEARCH_PATHS = (
					/opt/homebrew/Cellar/ffmpeg/6.1.1_6/include,
					/opt/homebrew/Cellar/opus/1.5.1/include,
					/opt/homebrew/Cellar/rubberband/3.3.0/include,
				);
				LIBRARY_SEARCH_PATHS = (
					"$(inherited)",
					/opt/homebrew/Cellar/ffmpeg/6.1.1_6/lib,
					/opt/homebrew/Cellar/opus/1.5.1/lib,
					/opt/homebrew/Cellar/rubberband/3.3.0/lib,
				);
				PRODUCT_NAME = "$(TARGET_NAME)";
			};
			name = Release;
		};
/* End XCBuildConfiguration section */

/* Begin XCConfigurationList section */
		8FFCC4872BB5120B00EAA160 /* Build configuration list for PBXProject "avtool" */ = {
			isa = XCConfigurationList;
			buildConfigurations = (
				8FFCC4912BB5120B00EAA160 /* Debug */,
				8FFCC4922BB5120B00EAA160 /* Release */,
			);
			defaultConfigurationIsVisible = 0;
			defaultConfigurationName = Release;
		};
		8FFCC4932BB5120B00EAA160 /* Build configuration list for PBXNativeTarget "avtool" */ = {
			isa = XCConfigurationList;
			buildConfigurations = (
				8FFCC4942BB5120B00EAA160 /* Debug */,
				8FFCC4952BB5120B00EAA160 /* Release */,
			);
			defaultConfigurationIsVisible = 0;
			defaultConfigurationName = Release;
		};
/* End XCConfigurationList section */
	};
	rootObject = 8FFCC4842BB5120B00EAA160 /* Project object */;
}
